
Microsoft Visual Studio Solution File, Format Version 12.00
# Visual Studio Version 16
VisualStudioVersion = 16.0.33529.622
MinimumVisualStudioVersion = 10.0.40219.1
Project("{8BC9CEB8-8B4A-11D0-8D11-00A0C91BC942}") = "Projekt 3 NajWspolnyPodciag", "Projekt 3 NajWspolnyPodciag.vcxproj", "{FC974682-773E-417F-8A9F-2C79B6110596}"
EndProject
Global
	GlobalSection(SolutionConfigurationPlatforms) = preSolution
		Debug|x64 = Debug|x64
		Debug|x86 = Debug|x86
		Release|x64 = Release|x64
		Release|x86 = Release|x86
	EndGlobalSection
	GlobalSection(ProjectConfigurationPlatforms) = postSolution
		{FC974682-773E-417F-8A9F-2C79B6110596}.Debug|x64.ActiveCfg = Debug|x64
		{FC974682-773E-417F-8A9F-2C79B6110596}.Debug|x64.Build.0 = Debug|x64
		{FC974682-773E-417F-8A9F-2C79B6110596}.Debug|x86.ActiveCfg = Debug|Win32
		{FC974682-773E-417F-8A9F-2C79B6110596}.Debug|x86.Build.0 = Debug|Win32
		{FC974682-773E-417F-8A9F-2C79B6110596}.Release|x64.ActiveCfg = Release|x64
		{FC974682-773E-417F-8A9F-2C79B6110596}.Release|x64.Build.0 = Release|x64
		{FC974682-773E-417F-8A9F-2C79B6110596}.Release|x86.ActiveCfg = Release|Win32
		{FC974682-773E-417F-8A9F-2C79B6110596}.Release|x86.Build.0 = Release|Win32
	EndGlobalSection
	GlobalSection(SolutionProperties) = preSolution
		HideSolutionNode = FALSE
	EndGlobalSection
	GlobalSection(ExtensibilityGlobals) = postSolution
		SolutionGuid = {39F2F179-53E9-405C-B24E-7407EB2B8F48}
	EndGlobalSection
EndGlobal
